
Microsoft Visual Studio Solution File, Format Version 11.00
# Visual Studio 2010
Project("{FAE04EC0-301F-11D3-BF4B-00C04F79EFBC}") = "CYLTRACK_BL", "CYLTRACK_BL\CYLTRACK_BL.csproj", "{DEAFB57A-F928-48E2-B486-7E17331A62BB}"
EndProject
Project("{FAE04EC0-301F-11D3-BF4B-00C04F79EFBC}") = "CYLTRACK_DL", "CYLTRACK_DL\CYLTRACK_DL.csproj", "{E7D320EC-8D90-496F-99F1-33845B1452E0}"
EndProject
Project("{FAE04EC0-301F-11D3-BF4B-00C04F79EFBC}") = "CYLTRACK_BE", "CYLTRACK_BE\CYLTRACK_BE.csproj", "{46D7E147-3BEC-4D66-9AE9-904256F04620}"
EndProject
Project("{FAE04EC0-301F-11D3-BF4B-00C04F79EFBC}") = "CYLTRACK_WCF_Services", "CYLTRACK_WCF_Services\CYLTRACK_WCF_Services.csproj", "{F3B7A10E-450C-42BA-B5CE-79F83EBB31BA}"
EndProject
Project("{E24C65DC-7377-472B-9ABA-BC803B73C61A}") = "CYLTRACK_Services", "CYLTRACK_Services\", "{AD98270E-AF3B-4DEE-BDC9-6E41FA303508}"
	ProjectSection(WebsiteProperties) = preProject
		SccProjectName = "Svn"
		SccAuxPath = "Svn"
		SccLocalPath = "Svn"
		SccProvider = "SubversionScc"
		TargetFrameworkMoniker = ".NETFramework,Version%3Dv4.0"
		ProjectReferences = "{F3B7A10E-450C-42BA-B5CE-79F83EBB31BA}|CYLTRACK_WCF_Services.dll;{46D7E147-3BEC-4D66-9AE9-904256F04620}|CYLTRACK_BE.dll;{DEAFB57A-F928-48E2-B486-7E17331A62BB}|CYLTRACK_BL.dll;{E7D320EC-8D90-496F-99F1-33845B1452E0}|CYLTRACK_DL.dll;"
		Debug.AspNetCompiler.VirtualPath = "/CYLTRACK_Services"
		Debug.AspNetCompiler.PhysicalPath = "CYLTRACK_Services\"
		Debug.AspNetCompiler.TargetPath = "PrecompiledWeb\CYLTRACK_Services\"
		Debug.AspNetCompiler.Updateable = "true"
		Debug.AspNetCompiler.ForceOverwrite = "true"
		Debug.AspNetCompiler.FixedNames = "false"
		Debug.AspNetCompiler.Debug = "True"
		Release.AspNetCompiler.VirtualPath = "/CYLTRACK_Services"
		Release.AspNetCompiler.PhysicalPath = "CYLTRACK_Services\"
		Release.AspNetCompiler.TargetPath = "PrecompiledWeb\CYLTRACK_Services\"
		Release.AspNetCompiler.Updateable = "true"
		Release.AspNetCompiler.ForceOverwrite = "true"
		Release.AspNetCompiler.FixedNames = "false"
		Release.AspNetCompiler.Debug = "False"
		VWDPort = "51651"
		DefaultWebSiteLanguage = "Visual C#"
	EndProjectSection
	ProjectSection(SvnOrigin) = preProject
		@Keys = Enlist,Svn.Uri
		Enlist = Required
		Svn.Uri = CYLTRACK_Services/
	EndProjectSection
EndProject
Project("{FAE04EC0-301F-11D3-BF4B-00C04F79EFBC}") = "CYLTRACK_WebApp", "CYLTRACK_WebApp\CYLTRACK_WebApp.csproj", "{764A507E-34DD-4E08-B8AB-25B2B2FBFEF7}"
	ProjectSection(ProjectDependencies) = postProject
		{AD98270E-AF3B-4DEE-BDC9-6E41FA303508} = {AD98270E-AF3B-4DEE-BDC9-6E41FA303508}
	EndProjectSection
EndProject
Project("{FAE04EC0-301F-11D3-BF4B-00C04F79EFBC}") = "AppTest", "CYLTRACK_Test\AppTest\AppTest.csproj", "{7D3D444A-2505-47EE-8444-E275100BE70C}"
	ProjectSection(ProjectDependencies) = postProject
		{AD98270E-AF3B-4DEE-BDC9-6E41FA303508} = {AD98270E-AF3B-4DEE-BDC9-6E41FA303508}
	EndProjectSection
EndProject
Project("{FAE04EC0-301F-11D3-BF4B-00C04F79EFBC}") = "CYLTRACK_APPPHONE", "CYLTRACK_PHONE\CYLTRACK_APPPHONE.csproj", "{56CF2EC4-B32A-41A0-A78A-812279376579}"
EndProject
Global
	GlobalSection(SubversionScc) = preSolution
		Svn-Managed = True
		Manager = AnkhSVN - Subversion Support for Visual Studio
	EndGlobalSection
	GlobalSection(SolutionConfigurationPlatforms) = preSolution
		Debug|Any CPU = Debug|Any CPU
		Debug|Mixed Platforms = Debug|Mixed Platforms
		Debug|x86 = Debug|x86
		Release|Any CPU = Release|Any CPU
		Release|Mixed Platforms = Release|Mixed Platforms
		Release|x86 = Release|x86
	EndGlobalSection
	GlobalSection(ProjectConfigurationPlatforms) = postSolution
		{DEAFB57A-F928-48E2-B486-7E17331A62BB}.Debug|Any CPU.ActiveCfg = Debug|Any CPU
		{DEAFB57A-F928-48E2-B486-7E17331A62BB}.Debug|Any CPU.Build.0 = Debug|Any CPU
		{DEAFB57A-F928-48E2-B486-7E17331A62BB}.Debug|Mixed Platforms.ActiveCfg = Debug|Any CPU
		{DEAFB57A-F928-48E2-B486-7E17331A62BB}.Debug|Mixed Platforms.Build.0 = Debug|Any CPU
		{DEAFB57A-F928-48E2-B486-7E17331A62BB}.Debug|x86.ActiveCfg = Debug|Any CPU
		{DEAFB57A-F928-48E2-B486-7E17331A62BB}.Release|Any CPU.ActiveCfg = Release|Any CPU
		{DEAFB57A-F928-48E2-B486-7E17331A62BB}.Release|Any CPU.Build.0 = Release|Any CPU
		{DEAFB57A-F928-48E2-B486-7E17331A62BB}.Release|Mixed Platforms.ActiveCfg = Release|Any CPU
		{DEAFB57A-F928-48E2-B486-7E17331A62BB}.Release|Mixed Platforms.Build.0 = Release|Any CPU
		{DEAFB57A-F928-48E2-B486-7E17331A62BB}.Release|x86.ActiveCfg = Release|Any CPU
		{E7D320EC-8D90-496F-99F1-33845B1452E0}.Debug|Any CPU.ActiveCfg = Debug|Any CPU
		{E7D320EC-8D90-496F-99F1-33845B1452E0}.Debug|Any CPU.Build.0 = Debug|Any CPU
		{E7D320EC-8D90-496F-99F1-33845B1452E0}.Debug|Mixed Platforms.ActiveCfg = Debug|Any CPU
		{E7D320EC-8D90-496F-99F1-33845B1452E0}.Debug|Mixed Platforms.Build.0 = Debug|Any CPU
		{E7D320EC-8D90-496F-99F1-33845B1452E0}.Debug|x86.ActiveCfg = Debug|Any CPU
		{E7D320EC-8D90-496F-99F1-33845B1452E0}.Release|Any CPU.ActiveCfg = Release|Any CPU
		{E7D320EC-8D90-496F-99F1-33845B1452E0}.Release|Any CPU.Build.0 = Release|Any CPU
		{E7D320EC-8D90-496F-99F1-33845B1452E0}.Release|Mixed Platforms.ActiveCfg = Release|Any CPU
		{E7D320EC-8D90-496F-99F1-33845B1452E0}.Release|Mixed Platforms.Build.0 = Release|Any CPU
		{E7D320EC-8D90-496F-99F1-33845B1452E0}.Release|x86.ActiveCfg = Release|Any CPU
		{46D7E147-3BEC-4D66-9AE9-904256F04620}.Debug|Any CPU.ActiveCfg = Debug|Any CPU
		{46D7E147-3BEC-4D66-9AE9-904256F04620}.Debug|Any CPU.Build.0 = Debug|Any CPU
		{46D7E147-3BEC-4D66-9AE9-904256F04620}.Debug|Mixed Platforms.ActiveCfg = Debug|Any CPU
		{46D7E147-3BEC-4D66-9AE9-904256F04620}.Debug|Mixed Platforms.Build.0 = Debug|Any CPU
		{46D7E147-3BEC-4D66-9AE9-904256F04620}.Debug|x86.ActiveCfg = Debug|Any CPU
		{46D7E147-3BEC-4D66-9AE9-904256F04620}.Release|Any CPU.ActiveCfg = Release|Any CPU
		{46D7E147-3BEC-4D66-9AE9-904256F04620}.Release|Any CPU.Build.0 = Release|Any CPU
		{46D7E147-3BEC-4D66-9AE9-904256F04620}.Release|Mixed Platforms.ActiveCfg = Release|Any CPU
		{46D7E147-3BEC-4D66-9AE9-904256F04620}.Release|Mixed Platforms.Build.0 = Release|Any CPU
		{46D7E147-3BEC-4D66-9AE9-904256F04620}.Release|x86.ActiveCfg = Release|Any CPU
		{F3B7A10E-450C-42BA-B5CE-79F83EBB31BA}.Debug|Any CPU.ActiveCfg = Debug|Any CPU
		{F3B7A10E-450C-42BA-B5CE-79F83EBB31BA}.Debug|Any CPU.Build.0 = Debug|Any CPU
		{F3B7A10E-450C-42BA-B5CE-79F83EBB31BA}.Debug|Mixed Platforms.ActiveCfg = Debug|Any CPU
		{F3B7A10E-450C-42BA-B5CE-79F83EBB31BA}.Debug|Mixed Platforms.Build.0 = Debug|Any CPU
		{F3B7A10E-450C-42BA-B5CE-79F83EBB31BA}.Debug|x86.ActiveCfg = Debug|Any CPU
		{F3B7A10E-450C-42BA-B5CE-79F83EBB31BA}.Release|Any CPU.ActiveCfg = Release|Any CPU
		{F3B7A10E-450C-42BA-B5CE-79F83EBB31BA}.Release|Any CPU.Build.0 = Release|Any CPU
		{F3B7A10E-450C-42BA-B5CE-79F83EBB31BA}.Release|Mixed Platforms.ActiveCfg = Release|Any CPU
		{F3B7A10E-450C-42BA-B5CE-79F83EBB31BA}.Release|Mixed Platforms.Build.0 = Release|Any CPU
		{F3B7A10E-450C-42BA-B5CE-79F83EBB31BA}.Release|x86.ActiveCfg = Release|Any CPU
		{AD98270E-AF3B-4DEE-BDC9-6E41FA303508}.Debug|Any CPU.ActiveCfg = Debug|Any CPU
		{AD98270E-AF3B-4DEE-BDC9-6E41FA303508}.Debug|Any CPU.Build.0 = Debug|Any CPU
		{AD98270E-AF3B-4DEE-BDC9-6E41FA303508}.Debug|Mixed Platforms.ActiveCfg = Debug|Any CPU
		{AD98270E-AF3B-4DEE-BDC9-6E41FA303508}.Debug|Mixed Platforms.Build.0 = Debug|Any CPU
		{AD98270E-AF3B-4DEE-BDC9-6E41FA303508}.Debug|x86.ActiveCfg = Debug|Any CPU
		{AD98270E-AF3B-4DEE-BDC9-6E41FA303508}.Release|Any CPU.ActiveCfg = Debug|Any CPU
		{AD98270E-AF3B-4DEE-BDC9-6E41FA303508}.Release|Any CPU.Build.0 = Debug|Any CPU
		{AD98270E-AF3B-4DEE-BDC9-6E41FA303508}.Release|Mixed Platforms.ActiveCfg = Debug|Any CPU
		{AD98270E-AF3B-4DEE-BDC9-6E41FA303508}.Release|Mixed Platforms.Build.0 = Debug|Any CPU
		{AD98270E-AF3B-4DEE-BDC9-6E41FA303508}.Release|x86.ActiveCfg = Debug|Any CPU
		{764A507E-34DD-4E08-B8AB-25B2B2FBFEF7}.Debug|Any CPU.ActiveCfg = Debug|Any CPU
		{764A507E-34DD-4E08-B8AB-25B2B2FBFEF7}.Debug|Any CPU.Build.0 = Debug|Any CPU
		{764A507E-34DD-4E08-B8AB-25B2B2FBFEF7}.Debug|Mixed Platforms.ActiveCfg = Debug|Any CPU
		{764A507E-34DD-4E08-B8AB-25B2B2FBFEF7}.Debug|Mixed Platforms.Build.0 = Debug|Any CPU
		{764A507E-34DD-4E08-B8AB-25B2B2FBFEF7}.Debug|x86.ActiveCfg = Debug|Any CPU
		{764A507E-34DD-4E08-B8AB-25B2B2FBFEF7}.Release|Any CPU.ActiveCfg = Release|Any CPU
		{764A507E-34DD-4E08-B8AB-25B2B2FBFEF7}.Release|Any CPU.Build.0 = Release|Any CPU
		{764A507E-34DD-4E08-B8AB-25B2B2FBFEF7}.Release|Mixed Platforms.ActiveCfg = Release|Any CPU
		{764A507E-34DD-4E08-B8AB-25B2B2FBFEF7}.Release|Mixed Platforms.Build.0 = Release|Any CPU
		{764A507E-34DD-4E08-B8AB-25B2B2FBFEF7}.Release|x86.ActiveCfg = Release|Any CPU
		{7D3D444A-2505-47EE-8444-E275100BE70C}.Debug|Any CPU.ActiveCfg = Debug|x86
		{7D3D444A-2505-47EE-8444-E275100BE70C}.Debug|Mixed Platforms.ActiveCfg = Debug|x86
		{7D3D444A-2505-47EE-8444-E275100BE70C}.Debug|Mixed Platforms.Build.0 = Debug|x86
		{7D3D444A-2505-47EE-8444-E275100BE70C}.Debug|x86.ActiveCfg = Debug|x86
		{7D3D444A-2505-47EE-8444-E275100BE70C}.Debug|x86.Build.0 = Debug|x86
		{7D3D444A-2505-47EE-8444-E275100BE70C}.Release|Any CPU.ActiveCfg = Release|x86
		{7D3D444A-2505-47EE-8444-E275100BE70C}.Release|Mixed Platforms.ActiveCfg = Release|x86
		{7D3D444A-2505-47EE-8444-E275100BE70C}.Release|Mixed Platforms.Build.0 = Release|x86
		{7D3D444A-2505-47EE-8444-E275100BE70C}.Release|x86.ActiveCfg = Release|x86
		{7D3D444A-2505-47EE-8444-E275100BE70C}.Release|x86.Build.0 = Release|x86
		{56CF2EC4-B32A-41A0-A78A-812279376579}.Debug|Any CPU.ActiveCfg = Debug|Any CPU
		{56CF2EC4-B32A-41A0-A78A-812279376579}.Debug|Any CPU.Build.0 = Debug|Any CPU
		{56CF2EC4-B32A-41A0-A78A-812279376579}.Debug|Any CPU.Deploy.0 = Debug|Any CPU
		{56CF2EC4-B32A-41A0-A78A-812279376579}.Debug|Mixed Platforms.ActiveCfg = Debug|Any CPU
		{56CF2EC4-B32A-41A0-A78A-812279376579}.Debug|Mixed Platforms.Build.0 = Debug|Any CPU
		{56CF2EC4-B32A-41A0-A78A-812279376579}.Debug|Mixed Platforms.Deploy.0 = Debug|Any CPU
		{56CF2EC4-B32A-41A0-A78A-812279376579}.Debug|x86.ActiveCfg = Debug|Any CPU
		{56CF2EC4-B32A-41A0-A78A-812279376579}.Release|Any CPU.ActiveCfg = Release|Any CPU
		{56CF2EC4-B32A-41A0-A78A-812279376579}.Release|Any CPU.Build.0 = Release|Any CPU
		{56CF2EC4-B32A-41A0-A78A-812279376579}.Release|Any CPU.Deploy.0 = Release|Any CPU
		{56CF2EC4-B32A-41A0-A78A-812279376579}.Release|Mixed Platforms.ActiveCfg = Release|Any CPU
		{56CF2EC4-B32A-41A0-A78A-812279376579}.Release|Mixed Platforms.Build.0 = Release|Any CPU
		{56CF2EC4-B32A-41A0-A78A-812279376579}.Release|Mixed Platforms.Deploy.0 = Release|Any CPU
		{56CF2EC4-B32A-41A0-A78A-812279376579}.Release|x86.ActiveCfg = Release|Any CPU
	EndGlobalSection
	GlobalSection(SolutionProperties) = preSolution
		HideSolutionNode = FALSE
	EndGlobalSection
EndGlobal
